
Microsoft Visual Studio Solution File, Format Version 12.00
# Visual Studio Version 16
VisualStudioVersion = 16.0.29709.97
MinimumVisualStudioVersion = 10.0.40219.1
Project("{FAE04EC0-301F-11D3-BF4B-00C04F79EFBC}") = "OOPtask", "OOPtask\OOPtask.csproj", "{68122F61-F8FB-4CA3-B351-1FACEF0EEEDA}"
EndProject
Global
	GlobalSection(SolutionConfigurationPlatforms) = preSolution
		Debug|Any CPU = Debug|Any CPU
		Release|Any CPU = Release|Any CPU
	EndGlobalSection
	GlobalSection(ProjectConfigurationPlatforms) = postSolution
		{68122F61-F8FB-4CA3-B351-1FACEF0EEEDA}.Debug|Any CPU.ActiveCfg = Debug|Any CPU
		{68122F61-F8FB-4CA3-B351-1FACEF0EEEDA}.Debug|Any CPU.Build.0 = Debug|Any CPU
		{68122F61-F8FB-4CA3-B351-1FACEF0EEEDA}.Release|Any CPU.ActiveCfg = Release|Any CPU
		{68122F61-F8FB-4CA3-B351-1FACEF0EEEDA}.Release|Any CPU.Build.0 = Release|Any CPU
	EndGlobalSection
	GlobalSection(SolutionProperties) = preSolution
		HideSolutionNode = FALSE
	EndGlobalSection
	GlobalSection(ExtensibilityGlobals) = postSolution
		SolutionGuid = {309F4C56-34DC-4DA8-931D-82F112C2823F}
	EndGlobalSection
EndGlobal
